{
  "originHash" : "be844c0cea9dcadddc3cd1d79e300f75278b4923503aa03f686a47e65bb26d4a",
  "pins" : [
    {
      "identity" : "swift-syntax",
      "kind" : "remoteSourceControl",
      "location" : "https://github.com/swiftlang/swift-syntax.git",
      "state" : {
        "revision" : "4799286537280063c85a32f09884cfbca301b1a1",
        "version" : "602.0.0"
      }
    },
    {
      "identity" : "swiftchatcompletionsmacros",
      "kind" : "remoteSourceControl",
      "location" : "https://github.com/RichNasz/SwiftChatCompletionsMacros.git",
      "state" : {
        "revision" : "ac47631a866d80ac6c92dd36ba444d1462f92b93",
        "version" : "0.1.0"
      }
    }
  ],
  "version" : 3
}
